
Microsoft Visual Studio Solution File, Format Version 12.00
Project("{FAE04EC0-301F-11D3-BF4B-00C04F79EFBC}") = "AuthServer", "AuthServer\AuthServer.csproj", "{1EE50B7A-BCFF-4E8D-85B1-EA6E0AE760FF}"
EndProject
Project("{FAE04EC0-301F-11D3-BF4B-00C04F79EFBC}") = "AuthServer.Testes", "AuthServer.Testes\AuthServer.Testes.csproj", "{54168ABF-BC7B-4BF6-8820-C439628498A5}"
EndProject
Global
	GlobalSection(SolutionConfigurationPlatforms) = preSolution
		Debug|Any CPU = Debug|Any CPU
		Release|Any CPU = Release|Any CPU
	EndGlobalSection
	GlobalSection(ProjectConfigurationPlatforms) = postSolution
		{1EE50B7A-BCFF-4E8D-85B1-EA6E0AE760FF}.Debug|Any CPU.ActiveCfg = Debug|Any CPU
		{1EE50B7A-BCFF-4E8D-85B1-EA6E0AE760FF}.Debug|Any CPU.Build.0 = Debug|Any CPU
		{1EE50B7A-BCFF-4E8D-85B1-EA6E0AE760FF}.Release|Any CPU.ActiveCfg = Release|Any CPU
		{1EE50B7A-BCFF-4E8D-85B1-EA6E0AE760FF}.Release|Any CPU.Build.0 = Release|Any CPU
		{54168ABF-BC7B-4BF6-8820-C439628498A5}.Debug|Any CPU.ActiveCfg = Debug|Any CPU
		{54168ABF-BC7B-4BF6-8820-C439628498A5}.Debug|Any CPU.Build.0 = Debug|Any CPU
		{54168ABF-BC7B-4BF6-8820-C439628498A5}.Release|Any CPU.ActiveCfg = Release|Any CPU
		{54168ABF-BC7B-4BF6-8820-C439628498A5}.Release|Any CPU.Build.0 = Release|Any CPU
	EndGlobalSection
EndGlobal
